
Microsoft Visual Studio Solution File, Format Version 12.00
# Visual Studio Version 17
VisualStudioVersion = 17.5.33502.453
MinimumVisualStudioVersion = 10.0.40219.1
Project("{FAE04EC0-301F-11D3-BF4B-00C04F79EFBC}") = "AddTask", "AddTask\AddTask.csproj", "{6C899ABF-3694-4EFC-9755-485F4B1F49CE}"
EndProject
Project("{FAE04EC0-301F-11D3-BF4B-00C04F79EFBC}") = "Task2", "Task2\Task2.csproj", "{26F00FE8-42C0-44FA-B211-4D0D5E129417}"
EndProject
Global
	GlobalSection(SolutionConfigurationPlatforms) = preSolution
		Debug|Any CPU = Debug|Any CPU
		Release|Any CPU = Release|Any CPU
	EndGlobalSection
	GlobalSection(ProjectConfigurationPlatforms) = postSolution
		{6C899ABF-3694-4EFC-9755-485F4B1F49CE}.Debug|Any CPU.ActiveCfg = Debug|Any CPU
		{6C899ABF-3694-4EFC-9755-485F4B1F49CE}.Debug|Any CPU.Build.0 = Debug|Any CPU
		{6C899ABF-3694-4EFC-9755-485F4B1F49CE}.Release|Any CPU.ActiveCfg = Release|Any CPU
		{6C899ABF-3694-4EFC-9755-485F4B1F49CE}.Release|Any CPU.Build.0 = Release|Any CPU
		{26F00FE8-42C0-44FA-B211-4D0D5E129417}.Debug|Any CPU.ActiveCfg = Debug|Any CPU
		{26F00FE8-42C0-44FA-B211-4D0D5E129417}.Debug|Any CPU.Build.0 = Debug|Any CPU
		{26F00FE8-42C0-44FA-B211-4D0D5E129417}.Release|Any CPU.ActiveCfg = Release|Any CPU
		{26F00FE8-42C0-44FA-B211-4D0D5E129417}.Release|Any CPU.Build.0 = Release|Any CPU
	EndGlobalSection
	GlobalSection(SolutionProperties) = preSolution
		HideSolutionNode = FALSE
	EndGlobalSection
	GlobalSection(ExtensibilityGlobals) = postSolution
		SolutionGuid = {42ED9695-C66B-47A2-A1CE-7402878A4A9A}
	EndGlobalSection
EndGlobal
